
Microsoft Visual Studio Solution File, Format Version 12.00
# Visual Studio 15
VisualStudioVersion = 15.0.28010.2016
MinimumVisualStudioVersion = 10.0.40219.1
Project("{8BC9CEB8-8B4A-11D0-8D11-00A0C91BC942}") = "AzureSphereMt3620IoTHubSample", "AzureSphereMt3620IoTHubSample\AzureSphereMt3620IoTHubSample.vcxproj", "{F67FD13E-AD27-4203-9C80-FCD9C86DBA65}"
EndProject
Project("{8BC9CEB8-8B4A-11D0-8D11-00A0C91BC942}") = "MT3620_Grove_Shield_Library", "..\MT3620_Grove_Shield\MT3620_Grove_Shield_Library\MT3620_Grove_Shield_Library.vcxproj", "{A4F0A16D-B28D-4249-9B0A-EEEC5090F21D}"
EndProject
Global
	GlobalSection(SolutionConfigurationPlatforms) = preSolution
		Debug|ARM = Debug|ARM
		Release|ARM = Release|ARM
	EndGlobalSection
	GlobalSection(ProjectConfigurationPlatforms) = postSolution
		{F67FD13E-AD27-4203-9C80-FCD9C86DBA65}.Debug|ARM.ActiveCfg = Debug|ARM
		{F67FD13E-AD27-4203-9C80-FCD9C86DBA65}.Debug|ARM.Build.0 = Debug|ARM
		{F67FD13E-AD27-4203-9C80-FCD9C86DBA65}.Release|ARM.ActiveCfg = Release|ARM
		{F67FD13E-AD27-4203-9C80-FCD9C86DBA65}.Release|ARM.Build.0 = Release|ARM
		{A4F0A16D-B28D-4249-9B0A-EEEC5090F21D}.Debug|ARM.ActiveCfg = Debug|ARM
		{A4F0A16D-B28D-4249-9B0A-EEEC5090F21D}.Debug|ARM.Build.0 = Debug|ARM
		{A4F0A16D-B28D-4249-9B0A-EEEC5090F21D}.Release|ARM.ActiveCfg = Release|ARM
		{A4F0A16D-B28D-4249-9B0A-EEEC5090F21D}.Release|ARM.Build.0 = Release|ARM
	EndGlobalSection
	GlobalSection(SolutionProperties) = preSolution
		HideSolutionNode = FALSE
	EndGlobalSection
	GlobalSection(ExtensibilityGlobals) = postSolution
		SolutionGuid = {219AB887-5229-4BF9-9657-A961EF1F90B3}
	EndGlobalSection
EndGlobal
